// !$*UTF8*$!
{
	archiveVersion = 1;
	classes = {
	};
	objectVersion = 46;
	objects = {

/* Begin PBXBuildFile section */
		BB80C4AE1AACE0E600CEABF9 /* AppDelegate.swift in Sources */ = {isa = PBXBuildFile; fileRef = BB80C4AD1AACE0E600CEABF9 /* AppDelegate.swift */; };
		BB80C4B11AACE0E600CEABF9 /* Contact.xcdatamodeld in Sources */ = {isa = PBXBuildFile; fileRef = BB80C4AF1AACE0E600CEABF9 /* Contact.xcdatamodeld */; };
		BB80C4B31AACE0E600CEABF9 /* ViewController.swift in Sources */ = {isa = PBXBuildFile; fileRef = BB80C4B21AACE0E600CEABF9 /* ViewController.swift */; };
		BB80C4B61AACE0E600CEABF9 /* Main.storyboard in Resources */ = {isa = PBXBuildFile; fileRef = BB80C4B41AACE0E600CEABF9 /* Main.storyboard */; };
		BB80C4B81AACE0E600CEABF9 /* Images.xcassets in Resources */ = {isa = PBXBuildFile; fileRef = BB80C4B71AACE0E600CEABF9 /* Images.xcassets */; };
		BB80C4BB1AACE0E600CEABF9 /* LaunchScreen.xib in Resources */ = {isa = PBXBuildFile; fileRef = BB80C4B91AACE0E600CEABF9 /* LaunchScreen.xib */; };
		BB80C4C71AACE0E600CEABF9 /* ContactTests.swift in Sources */ = {isa = PBXBuildFile; fileRef = BB80C4C61AACE0E600CEABF9 /* ContactTests.swift */; };
		BB80C4D11AACE3DD00CEABF9 /* Contact.swift in Sources */ = {isa = PBXBuildFile; fileRef = BB80C4D01AACE3DD00CEABF9 /* Contact.swift */; };
		BB80C4D31AACF22D00CEABF9 /* ContactTableViewController.swift in Sources */ = {isa = PBXBuildFile; fileRef = BB80C4D21AACF22D00CEABF9 /* ContactTableViewController.swift */; };
/* End PBXBuildFile section */

/* Begin PBXContainerItemProxy section */
		BB80C4C11AACE0E600CEABF9 /* PBXContainerItemProxy */ = {
			isa = PBXContainerItemProxy;
			containerPortal = BB80C4A01AACE0E600CEABF9 /* Project object */;
			proxyType = 1;
			remoteGlobalIDString = BB80C4A71AACE0E600CEABF9;
			remoteInfo = Contact;
		};
/* End PBXContainerItemProxy section */

/* Begin PBXFileReference section */
		BB80C4A81AACE0E600CEABF9 /* Contact.app */ = {isa = PBXFileReference; explicitFileType = wrapper.application; includeInIndex = 0; path = Contact.app; sourceTree = BUILT_PRODUCTS_DIR; };
		BB80C4AC1AACE0E600CEABF9 /* Info.plist */ = {isa = PBXFileReference; lastKnownFileType = text.plist.xml; path = Info.plist; sourceTree = "<group>"; };
		BB80C4AD1AACE0E600CEABF9 /* AppDelegate.swift */ = {isa = PBXFileReference; lastKnownFileType = sourcecode.swift; path = AppDelegate.swift; sourceTree = "<group>"; };
		BB80C4B01AACE0E600CEABF9 /* Contact.xcdatamodel */ = {isa = PBXFileReference; lastKnownFileType = wrapper.xcdatamodel; path = Contact.xcdatamodel; sourceTree = "<group>"; };
		BB80C4B21AACE0E600CEABF9 /* ViewController.swift */ = {isa = PBXFileReference; lastKnownFileType = sourcecode.swift; path = ViewController.swift; sourceTree = "<group>"; };
		BB80C4B51AACE0E600CEABF9 /* Base */ = {isa = PBXFileReference; lastKnownFileType = file.storyboard; name = Base; path = Base.lproj/Main.storyboard; sourceTree = "<group>"; };
		BB80C4B71AACE0E600CEABF9 /* Images.xcassets */ = {isa = PBXFileReference; lastKnownFileType = folder.assetcatalog; path = Images.xcassets; sourceTree = "<group>"; };
		BB80C4BA1AACE0E600CEABF9 /* Base */ = {isa = PBXFileReference; lastKnownFileType = file.xib; name = Base; path = Base.lproj/LaunchScreen.xib; sourceTree = "<group>"; };
		BB80C4C01AACE0E600CEABF9 /* ContactTests.xctest */ = {isa = PBXFileReference; explicitFileType = wrapper.cfbundle; includeInIndex = 0; path = ContactTests.xctest; sourceTree = BUILT_PRODUCTS_DIR; };
		BB80C4C51AACE0E600CEABF9 /* Info.plist */ = {isa = PBXFileReference; lastKnownFileType = text.plist.xml; path = Info.plist; sourceTree = "<group>"; };
		BB80C4C61AACE0E600CEABF9 /* ContactTests.swift */ = {isa = PBXFileReference; lastKnownFileType = sourcecode.swift; path = ContactTests.swift; sourceTree = "<group>"; };
		BB80C4D01AACE3DD00CEABF9 /* Contact.swift */ = {isa = PBXFileReference; fileEncoding = 4; lastKnownFileType = sourcecode.swift; path = Contact.swift; sourceTree = "<group>"; };
		BB80C4D21AACF22D00CEABF9 /* ContactTableViewController.swift */ = {isa = PBXFileReference; fileEncoding = 4; lastKnownFileType = sourcecode.swift; path = ContactTableViewController.swift; sourceTree = "<group>"; };
/* End PBXFileReference section */

/* Begin PBXFrameworksBuildPhase section */
		BB80C4A51AACE0E600CEABF9 /* Frameworks */ = {
			isa = PBXFrameworksBuildPhase;
			buildActionMask = 2147483647;
			files = (
			);
			runOnlyForDeploymentPostprocessing = 0;
		};
		BB80C4BD1AACE0E600CEABF9 /* Frameworks */ = {
			isa = PBXFrameworksBuildPhase;
			buildActionMask = 2147483647;
			files = (
			);
			runOnlyForDeploymentPostprocessing = 0;
		};
/* End PBXFrameworksBuildPhase section */

/* Begin PBXGroup section */
		BB80C49F1AACE0E600CEABF9 = {
			isa = PBXGroup;
			children = (
				BB80C4D21AACF22D00CEABF9 /* ContactTableViewController.swift */,
				BB80C4AA1AACE0E600CEABF9 /* Contact */,
				BB80C4C31AACE0E600CEABF9 /* ContactTests */,
				BB80C4A91AACE0E600CEABF9 /* Products */,
			);
			sourceTree = "<group>";
		};
		BB80C4A91AACE0E600CEABF9 /* Products */ = {
			isa = PBXGroup;
			children = (
				BB80C4A81AACE0E600CEABF9 /* Contact.app */,
				BB80C4C01AACE0E600CEABF9 /* ContactTests.xctest */,
			);
			name = Products;
			sourceTree = "<group>";
		};
		BB80C4AA1AACE0E600CEABF9 /* Contact */ = {
			isa = PBXGroup;
			children = (
				BB80C4AD1AACE0E600CEABF9 /* AppDelegate.swift */,
				BB80C4B21AACE0E600CEABF9 /* ViewController.swift */,
				BB80C4B41AACE0E600CEABF9 /* Main.storyboard */,
				BB80C4B71AACE0E600CEABF9 /* Images.xcassets */,
				BB80C4B91AACE0E600CEABF9 /* LaunchScreen.xib */,
				BB80C4AF1AACE0E600CEABF9 /* Contact.xcdatamodeld */,
				BB80C4D01AACE3DD00CEABF9 /* Contact.swift */,
				BB80C4AB1AACE0E600CEABF9 /* Supporting Files */,
			);
			path = Contact;
			sourceTree = "<group>";
		};
		BB80C4AB1AACE0E600CEABF9 /* Supporting Files */ = {
			isa = PBXGroup;
			children = (
				BB80C4AC1AACE0E600CEABF9 /* Info.plist */,
			);
			name = "Supporting Files";
			sourceTree = "<group>";
		};
		BB80C4C31AACE0E600CEABF9 /* ContactTests */ = {
			isa = PBXGroup;
			children = (
				BB80C4C61AACE0E600CEABF9 /* ContactTests.swift */,
				BB80C4C41AACE0E600CEABF9 /* Supporting Files */,
			);
			path = ContactTests;
			sourceTree = "<group>";
		};
		BB80C4C41AACE0E600CEABF9 /* Supporting Files */ = {
			isa = PBXGroup;
			children = (
				BB80C4C51AACE0E600CEABF9 /* Info.plist */,
			);
			name = "Supporting Files";
			sourceTree = "<group>";
		};
/* End PBXGroup section */

/* Begin PBXNativeTarget section */
		BB80C4A71AACE0E600CEABF9 /* Contact */ = {
			isa = PBXNativeTarget;
			buildConfigurationList = BB80C4CA1AACE0E600CEABF9 /* Build configuration list for PBXNativeTarget "Contact" */;
			buildPhases = (
				BB80C4A41AACE0E600CEABF9 /* Sources */,
				BB80C4A51AACE0E600CEABF9 /* Frameworks */,
				BB80C4A61AACE0E600CEABF9 /* Resources */,
			);
			buildRules = (
			);
			dependencies = (
			);
			name = Contact;
			productName = Contact;
			productReference = BB80C4A81AACE0E600CEABF9 /* Contact.app */;
			productType = "com.apple.product-type.application";
		};
		BB80C4BF1AACE0E600CEABF9 /* ContactTests */ = {
			isa = PBXNativeTarget;
			buildConfigurationList = BB80C4CD1AACE0E600CEABF9 /* Build configuration list for PBXNativeTarget "ContactTests" */;
			buildPhases = (
				BB80C4BC1AACE0E600CEABF9 /* Sources */,
				BB80C4BD1AACE0E600CEABF9 /* Frameworks */,
				BB80C4BE1AACE0E600CEABF9 /* Resources */,
			);
			buildRules = (
			);
			dependencies = (
				BB80C4C21AACE0E600CEABF9 /* PBXTargetDependency */,
			);
			name = ContactTests;
			productName = ContactTests;
			productReference = BB80C4C01AACE0E600CEABF9 /* ContactTests.xctest */;
			productType = "com.apple.product-type.bundle.unit-test";
		};
/* End PBXNativeTarget section */

/* Begin PBXProject section */
		BB80C4A01AACE0E600CEABF9 /* Project object */ = {
			isa = PBXProject;
			attributes = {
				LastUpgradeCheck = 0610;
				ORGANIZATIONNAME = "Rock Valley College";
				TargetAttributes = {
					BB80C4A71AACE0E600CEABF9 = {
						CreatedOnToolsVersion = 6.1.1;
					};
					BB80C4BF1AACE0E600CEABF9 = {
						CreatedOnToolsVersion = 6.1.1;
						TestTargetID = BB80C4A71AACE0E600CEABF9;
					};
				};
			};
			buildConfigurationList = BB80C4A31AACE0E600CEABF9 /* Build configuration list for PBXProject "Contact" */;
			compatibilityVersion = "Xcode 3.2";
			developmentRegion = English;
			hasScannedForEncodings = 0;
			knownRegions = (
				en,
				Base,
			);
			mainGroup = BB80C49F1AACE0E600CEABF9;
			productRefGroup = BB80C4A91AACE0E600CEABF9 /* Products */;
			projectDirPath = "";
			projectRoot = "";
			targets = (
				BB80C4A71AACE0E600CEABF9 /* Contact */,
				BB80C4BF1AACE0E600CEABF9 /* ContactTests */,
			);
		};
/* End PBXProject section */

/* Begin PBXResourcesBuildPhase section */
		BB80C4A61AACE0E600CEABF9 /* Resources */ = {
			isa = PBXResourcesBuildPhase;
			buildActionMask = 2147483647;
			files = (
				BB80C4B61AACE0E600CEABF9 /* Main.storyboard in Resources */,
				BB80C4BB1AACE0E600CEABF9 /* LaunchScreen.xib in Resources */,
				BB80C4B81AACE0E600CEABF9 /* Images.xcassets in Resources */,
			);
			runOnlyForDeploymentPostprocessing = 0;
		};
		BB80C4BE1AACE0E600CEABF9 /* Resources */ = {
			isa = PBXResourcesBuildPhase;
			buildActionMask = 2147483647;
			files = (
			);
			runOnlyForDeploymentPostprocessing = 0;
		};
/* End PBXResourcesBuildPhase section */

/* Begin PBXSourcesBuildPhase section */
		BB80C4A41AACE0E600CEABF9 /* Sources */ = {
			isa = PBXSourcesBuildPhase;
			buildActionMask = 2147483647;
			files = (
				BB80C4D11AACE3DD00CEABF9 /* Contact.swift in Sources */,
				BB80C4B31AACE0E600CEABF9 /* ViewController.swift in Sources */,
				BB80C4D31AACF22D00CEABF9 /* ContactTableViewController.swift in Sources */,
				BB80C4B11AACE0E600CEABF9 /* Contact.xcdatamodeld in Sources */,
				BB80C4AE1AACE0E600CEABF9 /* AppDelegate.swift in Sources */,
			);
			runOnlyForDeploymentPostprocessing = 0;
		};
		BB80C4BC1AACE0E600CEABF9 /* Sources */ = {
			isa = PBXSourcesBuildPhase;
			buildActionMask = 2147483647;
			files = (
				BB80C4C71AACE0E600CEABF9 /* ContactTests.swift in Sources */,
			);
			runOnlyForDeploymentPostprocessing = 0;
		};
/* End PBXSourcesBuildPhase section */

/* Begin PBXTargetDependency section */
		BB80C4C21AACE0E600CEABF9 /* PBXTargetDependency */ = {
			isa = PBXTargetDependency;
			target = BB80C4A71AACE0E600CEABF9 /* Contact */;
			targetProxy = BB80C4C11AACE0E600CEABF9 /* PBXContainerItemProxy */;
		};
/* End PBXTargetDependency section */

/* Begin PBXVariantGroup section */
		BB80C4B41AACE0E600CEABF9 /* Main.storyboard */ = {
			isa = PBXVariantGroup;
			children = (
				BB80C4B51AACE0E600CEABF9 /* Base */,
			);
			name = Main.storyboard;
			sourceTree = "<group>";
		};
		BB80C4B91AACE0E600CEABF9 /* LaunchScreen.xib */ = {
			isa = PBXVariantGroup;
			children = (
				BB80C4BA1AACE0E600CEABF9 /* Base */,
			);
			name = LaunchScreen.xib;
			sourceTree = "<group>";
		};
/* End PBXVariantGroup section */

/* Begin XCBuildConfiguration section */
		BB80C4C81AACE0E600CEABF9 /* Debug */ = {
			isa = XCBuildConfiguration;
			buildSettings = {
				ALWAYS_SEARCH_USER_PATHS = NO;
				CLANG_CXX_LANGUAGE_STANDARD = "gnu++0x";
				CLANG_CXX_LIBRARY = "libc++";
				CLANG_ENABLE_MODULES = YES;
				CLANG_ENABLE_OBJC_ARC = YES;
				CLANG_WARN_BOOL_CONVERSION = YES;
				CLANG_WARN_CONSTANT_CONVERSION = YES;
				CLANG_WARN_DIRECT_OBJC_ISA_USAGE = YES_ERROR;
				CLANG_WARN_EMPTY_BODY = YES;
				CLANG_WARN_ENUM_CONVERSION = YES;
				CLANG_WARN_INT_CONVERSION = YES;
				CLANG_WARN_OBJC_ROOT_CLASS = YES_ERROR;
				CLANG_WARN_UNREACHABLE_CODE = YES;
				CLANG_WARN__DUPLICATE_METHOD_MATCH = YES;
				"CODE_SIGN_IDENTITY[sdk=iphoneos*]" = "iPhone Developer";
				COPY_PHASE_STRIP = NO;
				ENABLE_STRICT_OBJC_MSGSEND = YES;
				GCC_C_LANGUAGE_STANDARD = gnu99;
				GCC_DYNAMIC_NO_PIC = NO;
				GCC_OPTIMIZATION_LEVEL = 0;
				GCC_PREPROCESSOR_DEFINITIONS = (
					"DEBUG=1",
					"$(inherited)",
				);
				GCC_SYMBOLS_PRIVATE_EXTERN = NO;
				GCC_WARN_64_TO_32_BIT_CONVERSION = YES;
				GCC_WARN_ABOUT_RETURN_TYPE = YES_ERROR;
				GCC_WARN_UNDECLARED_SELECTOR = YES;
				GCC_WARN_UNINITIALIZED_AUTOS = YES_AGGRESSIVE;
				GCC_WARN_UNUSED_FUNCTION = YES;
				GCC_WARN_UNUSED_VARIABLE = YES;
				IPHONEOS_DEPLOYMENT_TARGET = 8.1;
				MTL_ENABLE_DEBUG_INFO = YES;
				ONLY_ACTIVE_ARCH = YES;
				SDKROOT = iphoneos;
				SWIFT_OPTIMIZATION_LEVEL = "-Onone";
				TARGETED_DEVICE_FAMILY = 2;
			};
			name = Debug;
		};
		BB80C4C91AACE0E600CEABF9 /* Release */ = {
			isa = XCBuildConfiguration;
			buildSettings = {
				ALWAYS_SEARCH_USER_PATHS = NO;
				CLANG_CXX_LANGUAGE_STANDARD = "gnu++0x";
				CLANG_CXX_LIBRARY = "libc++";
				CLANG_ENABLE_MODULES = YES;
				CLANG_ENABLE_OBJC_ARC = YES;
				CLANG_WARN_BOOL_CONVERSION = YES;
				CLANG_WARN_CONSTANT_CONVERSION = YES;
				CLANG_WARN_DIRECT_OBJC_ISA_USAGE = YES_ERROR;
				CLANG_WARN_EMPTY_BODY = YES;
				CLANG_WARN_ENUM_CONVERSION = YES;
				CLANG_WARN_INT_CONVERSION = YES;
				CLANG_WARN_OBJC_ROOT_CLASS = YES_ERROR;
				CLANG_WARN_UNREACHABLE_CODE = YES;
				CLANG_WARN__DUPLICATE_METHOD_MATCH = YES;
				"CODE_SIGN_IDENTITY[sdk=iphoneos*]" = "iPhone Developer";
				COPY_PHASE_STRIP = YES;
				ENABLE_NS_ASSERTIONS = NO;
				ENABLE_STRICT_OBJC_MSGSEND = YES;
				GCC_C_LANGUAGE_STANDARD = gnu99;
				GCC_WARN_64_TO_32_BIT_CONVERSION = YES;
				GCC_WARN_ABOUT_RETURN_TYPE = YES_ERROR;
				GCC_WARN_UNDECLARED_SELECTOR = YES;
				GCC_WARN_UNINITIALIZED_AUTOS = YES_AGGRESSIVE;
				GCC_WARN_UNUSED_FUNCTION = YES;
				GCC_WARN_UNUSED_VARIABLE = YES;
				IPHONEOS_DEPLOYMENT_TARGET = 8.1;
				MTL_ENABLE_DEBUG_INFO = NO;
				SDKROOT = iphoneos;
				TARGETED_DEVICE_FAMILY = 2;
				VALIDATE_PRODUCT = YES;
			};
			name = Release;
		};
		BB80C4CB1AACE0E600CEABF9 /* Debug */ = {
			isa = XCBuildConfiguration;
			buildSettings = {
				ASSETCATALOG_COMPILER_APPICON_NAME = AppIcon;
				INFOPLIST_FILE = Contact/Info.plist;
				LD_RUNPATH_SEARCH_PATHS = "$(inherited) @executable_path/Frameworks";
				PRODUCT_NAME = "$(TARGET_NAME)";
			};
			name = Debug;
		};
		BB80C4CC1AACE0E600CEABF9 /* Release */ = {
			isa = XCBuildConfiguration;
			buildSettings = {
				ASSETCATALOG_COMPILER_APPICON_NAME = AppIcon;
				INFOPLIST_FILE = Contact/Info.plist;
				LD_RUNPATH_SEARCH_PATHS = "$(inherited) @executable_path/Frameworks";
				PRODUCT_NAME = "$(TARGET_NAME)";
			};
			name = Release;
		};
		BB80C4CE1AACE0E600CEABF9 /* Debug */ = {
			isa = XCBuildConfiguration;
			buildSettings = {
				BUNDLE_LOADER = "$(TEST_HOST)";
				FRAMEWORK_SEARCH_PATHS = (
					"$(SDKROOT)/Developer/Library/Frameworks",
					"$(inherited)",
				);
				GCC_PREPROCESSOR_DEFINITIONS = (
					"DEBUG=1",
					"$(inherited)",
				);
				INFOPLIST_FILE = ContactTests/Info.plist;
				LD_RUNPATH_SEARCH_PATHS = "$(inherited) @executable_path/Frameworks @loader_path/Frameworks";
				PRODUCT_NAME = "$(TARGET_NAME)";
				TEST_HOST = "$(BUILT_PRODUCTS_DIR)/Contact.app/Contact";
			};
			name = Debug;
		};
		BB80C4CF1AACE0E600CEABF9 /* Release */ = {
			isa = XCBuildConfiguration;
			buildSettings = {
				BUNDLE_LOADER = "$(TEST_HOST)";
				FRAMEWORK_SEARCH_PATHS = (
					"$(SDKROOT)/Developer/Library/Frameworks",
					"$(inherited)",
				);
				INFOPLIST_FILE = ContactTests/Info.plist;
				LD_RUNPATH_SEARCH_PATHS = "$(inherited) @executable_path/Frameworks @loader_path/Frameworks";
				PRODUCT_NAME = "$(TARGET_NAME)";
				TEST_HOST = "$(BUILT_PRODUCTS_DIR)/Contact.app/Contact";
			};
			name = Release;
		};
/* End XCBuildConfiguration section */

/* Begin XCConfigurationList section */
		BB80C4A31AACE0E600CEABF9 /* Build configuration list for PBXProject "Contact" */ = {
			isa = XCConfigurationList;
			buildConfigurations = (
				BB80C4C81AACE0E600CEABF9 /* Debug */,
				BB80C4C91AACE0E600CEABF9 /* Release */,
			);
			defaultConfigurationIsVisible = 0;
			defaultConfigurationName = Release;
		};
		BB80C4CA1AACE0E600CEABF9 /* Build configuration list for PBXNativeTarget "Contact" */ = {
			isa = XCConfigurationList;
			buildConfigurations = (
				BB80C4CB1AACE0E600CEABF9 /* Debug */,
				BB80C4CC1AACE0E600CEABF9 /* Release */,
			);
			defaultConfigurationIsVisible = 0;
		};
		BB80C4CD1AACE0E600CEABF9 /* Build configuration list for PBXNativeTarget "ContactTests" */ = {
			isa = XCConfigurationList;
			buildConfigurations = (
				BB80C4CE1AACE0E600CEABF9 /* Debug */,
				BB80C4CF1AACE0E600CEABF9 /* Release */,
			);
			defaultConfigurationIsVisible = 0;
		};
/* End XCConfigurationList section */

/* Begin XCVersionGroup section */
		BB80C4AF1AACE0E600CEABF9 /* Contact.xcdatamodeld */ = {
			isa = XCVersionGroup;
			children = (
				BB80C4B01AACE0E600CEABF9 /* Contact.xcdatamodel */,
			);
			currentVersion = BB80C4B01AACE0E600CEABF9 /* Contact.xcdatamodel */;
			path = Contact.xcdatamodeld;
			sourceTree = "<group>";
			versionGroupType = wrapper.xcdatamodel;
		};
/* End XCVersionGroup section */
	};
	rootObject = BB80C4A01AACE0E600CEABF9 /* Project object */;
}
